// !$*UTF8*$!
{
	archiveVersion = 1;
	classes = {
	};
	objectVersion = 50;
	objects = {

/* Begin PBXBuildFile section */
		EF12ADAB2C0B9CB400B72895 /* Debug.swift in Sources */ = {isa = PBXBuildFile; fileRef = EF12ADAA2C0B9CB400B72895 /* Debug.swift */; };
		EF17423D262214E700DE8386 /* MameViewController.swift in Sources */ = {isa = PBXBuildFile; fileRef = EF17423C262214E700DE8386 /* MameViewController.swift */; };
		EF174251262215EA00DE8386 /* MetalView.m in Sources */ = {isa = PBXBuildFile; fileRef = EF17424E262215EA00DE8386 /* MetalView.m */; };
		EF174252262215EA00DE8386 /* MetalViewShaders.metal in Sources */ = {isa = PBXBuildFile; fileRef = EF17424F262215EA00DE8386 /* MetalViewShaders.metal */; };
		EF17425C262216D000DE8386 /* LaunchScreen.storyboard in Resources */ = {isa = PBXBuildFile; fileRef = EF174258262216D000DE8386 /* LaunchScreen.storyboard */; };
		EF17425D262216D000DE8386 /* Assets.xcassets in Resources */ = {isa = PBXBuildFile; fileRef = EF174259262216D000DE8386 /* Assets.xcassets */; };
		EF174274262362E400DE8386 /* libc++.tbd in Frameworks */ = {isa = PBXBuildFile; fileRef = EF174273262362E400DE8386 /* libc++.tbd */; };
		EF1742772623630C00DE8386 /* AudioToolbox.framework in Frameworks */ = {isa = PBXBuildFile; fileRef = EF1742762623630C00DE8386 /* AudioToolbox.framework */; };
		EF17427C26236D7E00DE8386 /* MameDraw.m in Sources */ = {isa = PBXBuildFile; fileRef = EF17427B26236D7E00DE8386 /* MameDraw.m */; };
		EF5184B62627FA5C00BB4B7C /* MameKeyCode.swift in Sources */ = {isa = PBXBuildFile; fileRef = EF5184B52627FA5C00BB4B7C /* MameKeyCode.swift */; };
		EFA8FCA226290F6B0003615D /* MameKeyboard.swift in Sources */ = {isa = PBXBuildFile; fileRef = EFA8FCA126290F6B0003615D /* MameKeyboard.swift */; };
		EFE0036A26448F3E00E42246 /* libmame-ios.a in Frameworks */ = {isa = PBXBuildFile; fileRef = EFE0036926448F3E00E42246 /* libmame-ios.a */; };
/* End PBXBuildFile section */

/* Begin PBXFileReference section */
		EF12ADAA2C0B9CB400B72895 /* Debug.swift */ = {isa = PBXFileReference; lastKnownFileType = sourcecode.swift; path = Debug.swift; sourceTree = "<group>"; };
		EF1741FA262134CB00DE8386 /* iOSMAME.app */ = {isa = PBXFileReference; explicitFileType = wrapper.application; includeInIndex = 0; path = iOSMAME.app; sourceTree = BUILT_PRODUCTS_DIR; };
		EF17423C262214E700DE8386 /* MameViewController.swift */ = {isa = PBXFileReference; fileEncoding = 4; lastKnownFileType = sourcecode.swift; path = MameViewController.swift; sourceTree = "<group>"; };
		EF17424D262215EA00DE8386 /* MetalViewShaders.h */ = {isa = PBXFileReference; fileEncoding = 4; lastKnownFileType = sourcecode.c.h; path = MetalViewShaders.h; sourceTree = "<group>"; };
		EF17424E262215EA00DE8386 /* MetalView.m */ = {isa = PBXFileReference; fileEncoding = 4; lastKnownFileType = sourcecode.c.objc; path = MetalView.m; sourceTree = "<group>"; };
		EF17424F262215EA00DE8386 /* MetalViewShaders.metal */ = {isa = PBXFileReference; fileEncoding = 4; lastKnownFileType = sourcecode.metal; path = MetalViewShaders.metal; sourceTree = "<group>"; };
		EF174250262215EA00DE8386 /* MetalView.h */ = {isa = PBXFileReference; fileEncoding = 4; lastKnownFileType = sourcecode.c.h; path = MetalView.h; sourceTree = "<group>"; };
		EF174258262216D000DE8386 /* LaunchScreen.storyboard */ = {isa = PBXFileReference; fileEncoding = 4; lastKnownFileType = file.storyboard; path = LaunchScreen.storyboard; sourceTree = "<group>"; };
		EF174259262216D000DE8386 /* Assets.xcassets */ = {isa = PBXFileReference; lastKnownFileType = folder.assetcatalog; path = Assets.xcassets; sourceTree = "<group>"; };
		EF17425A262216D000DE8386 /* Bridging-Header.h */ = {isa = PBXFileReference; fileEncoding = 4; lastKnownFileType = sourcecode.c.h; path = "Bridging-Header.h"; sourceTree = "<group>"; };
		EF17425B262216D000DE8386 /* Info.plist */ = {isa = PBXFileReference; fileEncoding = 4; lastKnownFileType = text.plist.xml; path = Info.plist; sourceTree = "<group>"; };
		EF174273262362E400DE8386 /* libc++.tbd */ = {isa = PBXFileReference; lastKnownFileType = "sourcecode.text-based-dylib-definition"; name = "libc++.tbd"; path = "usr/lib/libc++.tbd"; sourceTree = SDKROOT; };
		EF1742762623630C00DE8386 /* AudioToolbox.framework */ = {isa = PBXFileReference; lastKnownFileType = wrapper.framework; name = AudioToolbox.framework; path = System/Library/Frameworks/AudioToolbox.framework; sourceTree = SDKROOT; };
		EF17427A26236D5000DE8386 /* MameDraw.h */ = {isa = PBXFileReference; lastKnownFileType = sourcecode.c.h; path = MameDraw.h; sourceTree = "<group>"; };
		EF17427B26236D7E00DE8386 /* MameDraw.m */ = {isa = PBXFileReference; lastKnownFileType = sourcecode.c.objc; path = MameDraw.m; sourceTree = "<group>"; };
		EF5184B52627FA5C00BB4B7C /* MameKeyCode.swift */ = {isa = PBXFileReference; fileEncoding = 4; lastKnownFileType = sourcecode.swift; path = MameKeyCode.swift; sourceTree = "<group>"; };
		EFA8FC9F2628E1910003615D /* README.md */ = {isa = PBXFileReference; lastKnownFileType = net.daringfireball.markdown; path = README.md; sourceTree = "<group>"; };
		EFA8FCA126290F6B0003615D /* MameKeyboard.swift */ = {isa = PBXFileReference; fileEncoding = 4; lastKnownFileType = sourcecode.swift; path = MameKeyboard.swift; sourceTree = "<group>"; };
		EFE0036826448F0000E42246 /* libmame.h */ = {isa = PBXFileReference; lastKnownFileType = sourcecode.c.h; path = libmame.h; sourceTree = SOURCE_ROOT; };
		EFE0036926448F3E00E42246 /* libmame-ios.a */ = {isa = PBXFileReference; lastKnownFileType = archive.ar; path = "libmame-ios.a"; sourceTree = "<group>"; };
/* End PBXFileReference section */

/* Begin PBXFrameworksBuildPhase section */
		EF1741F7262134CB00DE8386 /* Frameworks */ = {
			isa = PBXFrameworksBuildPhase;
			buildActionMask = 2147483647;
			files = (
				EFE0036A26448F3E00E42246 /* libmame-ios.a in Frameworks */,
				EF1742772623630C00DE8386 /* AudioToolbox.framework in Frameworks */,
				EF174274262362E400DE8386 /* libc++.tbd in Frameworks */,
			);
			runOnlyForDeploymentPostprocessing = 0;
		};
/* End PBXFrameworksBuildPhase section */

/* Begin PBXGroup section */
		EF1741F1262134CB00DE8386 = {
			isa = PBXGroup;
			children = (
				EFA8FC9F2628E1910003615D /* README.md */,
				EF17423C262214E700DE8386 /* MameViewController.swift */,
				EF5184B52627FA5C00BB4B7C /* MameKeyCode.swift */,
				EFA8FCA126290F6B0003615D /* MameKeyboard.swift */,
				EF17427A26236D5000DE8386 /* MameDraw.h */,
				EF17427B26236D7E00DE8386 /* MameDraw.m */,
				EF12ADAA2C0B9CB400B72895 /* Debug.swift */,
				EF174257262216D000DE8386 /* IOSMAME */,
				EF17424C262215EA00DE8386 /* MetalView */,
				EF1741FB262134CB00DE8386 /* Products */,
				EF17426E262360B900DE8386 /* Frameworks */,
			);
			sourceTree = "<group>";
		};
		EF1741FB262134CB00DE8386 /* Products */ = {
			isa = PBXGroup;
			children = (
				EF1741FA262134CB00DE8386 /* iOSMAME.app */,
			);
			name = Products;
			sourceTree = "<group>";
		};
		EF17424C262215EA00DE8386 /* MetalView */ = {
			isa = PBXGroup;
			children = (
				EF174250262215EA00DE8386 /* MetalView.h */,
				EF17424E262215EA00DE8386 /* MetalView.m */,
				EF17424D262215EA00DE8386 /* MetalViewShaders.h */,
				EF17424F262215EA00DE8386 /* MetalViewShaders.metal */,
			);
			path = MetalView;
			sourceTree = "<group>";
		};
		EF174257262216D000DE8386 /* IOSMAME */ = {
			isa = PBXGroup;
			children = (
				EFE0036826448F0000E42246 /* libmame.h */,
				EF174258262216D000DE8386 /* LaunchScreen.storyboard */,
				EF174259262216D000DE8386 /* Assets.xcassets */,
				EF17425A262216D000DE8386 /* Bridging-Header.h */,
				EF17425B262216D000DE8386 /* Info.plist */,
			);
			path = IOSMAME;
			sourceTree = "<group>";
		};
		EF17426E262360B900DE8386 /* Frameworks */ = {
			isa = PBXGroup;
			children = (
				EFE0036926448F3E00E42246 /* libmame-ios.a */,
				EF1742762623630C00DE8386 /* AudioToolbox.framework */,
				EF174273262362E400DE8386 /* libc++.tbd */,
			);
			name = Frameworks;
			sourceTree = "<group>";
		};
/* End PBXGroup section */

/* Begin PBXNativeTarget section */
		EF1741F9262134CB00DE8386 /* iOSMAME */ = {
			isa = PBXNativeTarget;
			buildConfigurationList = EF17420E262134CC00DE8386 /* Build configuration list for PBXNativeTarget "iOSMAME" */;
			buildPhases = (
				EF1741F6262134CB00DE8386 /* Sources */,
				EF1741F7262134CB00DE8386 /* Frameworks */,
				EF1741F8262134CB00DE8386 /* Resources */,
			);
			buildRules = (
			);
			dependencies = (
			);
			name = iOSMAME;
			productName = IOSMAME;
			productReference = EF1741FA262134CB00DE8386 /* iOSMAME.app */;
			productType = "com.apple.product-type.application";
		};
/* End PBXNativeTarget section */

/* Begin PBXProject section */
		EF1741F2262134CB00DE8386 /* Project object */ = {
			isa = PBXProject;
			attributes = {
				LastSwiftUpdateCheck = 1240;
				LastUpgradeCheck = 1240;
				TargetAttributes = {
					EF1741F9262134CB00DE8386 = {
						CreatedOnToolsVersion = 12.4;
						LastSwiftMigration = 1240;
					};
				};
			};
			buildConfigurationList = EF1741F5262134CB00DE8386 /* Build configuration list for PBXProject "IOSMAME" */;
			compatibilityVersion = "Xcode 9.3";
			developmentRegion = en;
			hasScannedForEncodings = 0;
			knownRegions = (
				en,
				Base,
			);
			mainGroup = EF1741F1262134CB00DE8386;
			productRefGroup = EF1741FB262134CB00DE8386 /* Products */;
			projectDirPath = "";
			projectRoot = "";
			targets = (
				EF1741F9262134CB00DE8386 /* iOSMAME */,
			);
		};
/* End PBXProject section */

/* Begin PBXResourcesBuildPhase section */
		EF1741F8262134CB00DE8386 /* Resources */ = {
			isa = PBXResourcesBuildPhase;
			buildActionMask = 2147483647;
			files = (
				EF17425D262216D000DE8386 /* Assets.xcassets in Resources */,
				EF17425C262216D000DE8386 /* LaunchScreen.storyboard in Resources */,
			);
			runOnlyForDeploymentPostprocessing = 0;
		};
/* End PBXResourcesBuildPhase section */

/* Begin PBXSourcesBuildPhase section */
		EF1741F6262134CB00DE8386 /* Sources */ = {
			isa = PBXSourcesBuildPhase;
			buildActionMask = 2147483647;
			files = (
				EF174252262215EA00DE8386 /* MetalViewShaders.metal in Sources */,
				EF174251262215EA00DE8386 /* MetalView.m in Sources */,
				EF17423D262214E700DE8386 /* MameViewController.swift in Sources */,
				EF5184B62627FA5C00BB4B7C /* MameKeyCode.swift in Sources */,
				EFA8FCA226290F6B0003615D /* MameKeyboard.swift in Sources */,
				EF12ADAB2C0B9CB400B72895 /* Debug.swift in Sources */,
				EF17427C26236D7E00DE8386 /* MameDraw.m in Sources */,
			);
			runOnlyForDeploymentPostprocessing = 0;
		};
/* End PBXSourcesBuildPhase section */

/* Begin XCBuildConfiguration section */
		EF17420C262134CC00DE8386 /* Debug */ = {
			isa = XCBuildConfiguration;
			buildSettings = {
				ALWAYS_SEARCH_USER_PATHS = NO;
				CLANG_ANALYZER_NONNULL = YES;
				CLANG_ANALYZER_NUMBER_OBJECT_CONVERSION = YES_AGGRESSIVE;
				CLANG_CXX_LANGUAGE_STANDARD = "gnu++14";
				CLANG_CXX_LIBRARY = "libc++";
				CLANG_ENABLE_MODULES = YES;
				CLANG_ENABLE_OBJC_ARC = YES;
				CLANG_ENABLE_OBJC_WEAK = YES;
				CLANG_WARN_BLOCK_CAPTURE_AUTORELEASING = YES;
				CLANG_WARN_BOOL_CONVERSION = YES;
				CLANG_WARN_COMMA = YES;
				CLANG_WARN_CONSTANT_CONVERSION = YES;
				CLANG_WARN_DEPRECATED_OBJC_IMPLEMENTATIONS = YES;
				CLANG_WARN_DIRECT_OBJC_ISA_USAGE = YES_ERROR;
				CLANG_WARN_DOCUMENTATION_COMMENTS = YES;
				CLANG_WARN_EMPTY_BODY = YES;
				CLANG_WARN_ENUM_CONVERSION = YES;
				CLANG_WARN_INFINITE_RECURSION = YES;
				CLANG_WARN_INT_CONVERSION = YES;
				CLANG_WARN_NON_LITERAL_NULL_CONVERSION = YES;
				CLANG_WARN_OBJC_IMPLICIT_RETAIN_SELF = YES;
				CLANG_WARN_OBJC_LITERAL_CONVERSION = YES;
				CLANG_WARN_OBJC_ROOT_CLASS = YES_ERROR;
				CLANG_WARN_QUOTED_INCLUDE_IN_FRAMEWORK_HEADER = YES;
				CLANG_WARN_RANGE_LOOP_ANALYSIS = YES;
				CLANG_WARN_STRICT_PROTOTYPES = YES;
				CLANG_WARN_SUSPICIOUS_MOVE = YES;
				CLANG_WARN_UNGUARDED_AVAILABILITY = YES_AGGRESSIVE;
				CLANG_WARN_UNREACHABLE_CODE = YES;
				CLANG_WARN__DUPLICATE_METHOD_MATCH = YES;
				COPY_PHASE_STRIP = NO;
				DEBUG_INFORMATION_FORMAT = dwarf;
				ENABLE_STRICT_OBJC_MSGSEND = YES;
				ENABLE_TESTABILITY = YES;
				GCC_C_LANGUAGE_STANDARD = gnu11;
				GCC_DYNAMIC_NO_PIC = NO;
				GCC_NO_COMMON_BLOCKS = YES;
				GCC_OPTIMIZATION_LEVEL = 0;
				GCC_PREPROCESSOR_DEFINITIONS = (
					"DEBUG=1",
					"$(inherited)",
				);
				GCC_WARN_64_TO_32_BIT_CONVERSION = YES;
				GCC_WARN_ABOUT_RETURN_TYPE = YES_ERROR;
				GCC_WARN_UNDECLARED_SELECTOR = YES;
				GCC_WARN_UNINITIALIZED_AUTOS = YES_AGGRESSIVE;
				GCC_WARN_UNUSED_FUNCTION = YES;
				GCC_WARN_UNUSED_VARIABLE = YES;
				IPHONEOS_DEPLOYMENT_TARGET = 16.6;
				MTL_ENABLE_DEBUG_INFO = INCLUDE_SOURCE;
				MTL_FAST_MATH = YES;
				ONLY_ACTIVE_ARCH = YES;
				SDKROOT = iphoneos;
				SWIFT_ACTIVE_COMPILATION_CONDITIONS = DEBUG;
				SWIFT_OPTIMIZATION_LEVEL = "-Onone";
			};
			name = Debug;
		};
		EF17420D262134CC00DE8386 /* Release */ = {
			isa = XCBuildConfiguration;
			buildSettings = {
				ALWAYS_SEARCH_USER_PATHS = NO;
				CLANG_ANALYZER_NONNULL = YES;
				CLANG_ANALYZER_NUMBER_OBJECT_CONVERSION = YES_AGGRESSIVE;
				CLANG_CXX_LANGUAGE_STANDARD = "gnu++14";
				CLANG_CXX_LIBRARY = "libc++";
				CLANG_ENABLE_MODULES = YES;
				CLANG_ENABLE_OBJC_ARC = YES;
				CLANG_ENABLE_OBJC_WEAK = YES;
				CLANG_WARN_BLOCK_CAPTURE_AUTORELEASING = YES;
				CLANG_WARN_BOOL_CONVERSION = YES;
				CLANG_WARN_COMMA = YES;
				CLANG_WARN_CONSTANT_CONVERSION = YES;
				CLANG_WARN_DEPRECATED_OBJC_IMPLEMENTATIONS = YES;
				CLANG_WARN_DIRECT_OBJC_ISA_USAGE = YES_ERROR;
				CLANG_WARN_DOCUMENTATION_COMMENTS = YES;
				CLANG_WARN_EMPTY_BODY = YES;
				CLANG_WARN_ENUM_CONVERSION = YES;
				CLANG_WARN_INFINITE_RECURSION = YES;
				CLANG_WARN_INT_CONVERSION = YES;
				CLANG_WARN_NON_LITERAL_NULL_CONVERSION = YES;
				CLANG_WARN_OBJC_IMPLICIT_RETAIN_SELF = YES;
				CLANG_WARN_OBJC_LITERAL_CONVERSION = YES;
				CLANG_WARN_OBJC_ROOT_CLASS = YES_ERROR;
				CLANG_WARN_QUOTED_INCLUDE_IN_FRAMEWORK_HEADER = YES;
				CLANG_WARN_RANGE_LOOP_ANALYSIS = YES;
				CLANG_WARN_STRICT_PROTOTYPES = YES;
				CLANG_WARN_SUSPICIOUS_MOVE = YES;
				CLANG_WARN_UNGUARDED_AVAILABILITY = YES_AGGRESSIVE;
				CLANG_WARN_UNREACHABLE_CODE = YES;
				CLANG_WARN__DUPLICATE_METHOD_MATCH = YES;
				COPY_PHASE_STRIP = NO;
				DEBUG_INFORMATION_FORMAT = "dwarf-with-dsym";
				ENABLE_NS_ASSERTIONS = NO;
				ENABLE_STRICT_OBJC_MSGSEND = YES;
				GCC_C_LANGUAGE_STANDARD = gnu11;
				GCC_NO_COMMON_BLOCKS = YES;
				GCC_WARN_64_TO_32_BIT_CONVERSION = YES;
				GCC_WARN_ABOUT_RETURN_TYPE = YES_ERROR;
				GCC_WARN_UNDECLARED_SELECTOR = YES;
				GCC_WARN_UNINITIALIZED_AUTOS = YES_AGGRESSIVE;
				GCC_WARN_UNUSED_FUNCTION = YES;
				GCC_WARN_UNUSED_VARIABLE = YES;
				IPHONEOS_DEPLOYMENT_TARGET = 16.6;
				MTL_ENABLE_DEBUG_INFO = NO;
				MTL_FAST_MATH = YES;
				SDKROOT = iphoneos;
				SWIFT_COMPILATION_MODE = wholemodule;
				SWIFT_OPTIMIZATION_LEVEL = "-O";
				VALIDATE_PRODUCT = YES;
			};
			name = Release;
		};
		EF17420F262134CC00DE8386 /* Debug */ = {
			isa = XCBuildConfiguration;
			buildSettings = {
				ASSETCATALOG_COMPILER_APPICON_NAME = AppIcon;
				ASSETCATALOG_COMPILER_GLOBAL_ACCENT_COLOR_NAME = AccentColor;
				CLANG_ENABLE_MODULES = YES;
				CODE_SIGN_STYLE = Automatic;
				CURRENT_PROJECT_VERSION = 2024.1;
				DEVELOPMENT_TEAM = 8RUN83V8CA;
				ENABLE_BITCODE = NO;
				INFOPLIST_FILE = IOSMAME/Info.plist;
				INFOPLIST_KEY_LSApplicationCategoryType = "public.app-category.arcade-games";
				LD_RUNPATH_SEARCH_PATHS = (
					"$(inherited)",
					"@executable_path/Frameworks",
				);
				LIBRARY_SEARCH_PATHS = (
					"$(inherited)",
					"$(PROJECT_DIR)/IOSMAME",
					"$(PROJECT_DIR)",
					"$(PROJECT_DIR)/../MAME4iOS",
				);
				MARKETING_VERSION = 2024.1;
				PRODUCT_BUNDLE_IDENTIFIER = com.toddla.iosmame;
				PRODUCT_NAME = "$(TARGET_NAME)";
				SWIFT_OBJC_BRIDGING_HEADER = "IOSMAME/Bridging-Header.h";
				SWIFT_OPTIMIZATION_LEVEL = "-Onone";
				SWIFT_VERSION = 5.0;
				TARGETED_DEVICE_FAMILY = "1,2";
			};
			name = Debug;
		};
		EF174210262134CC00DE8386 /* Release */ = {
			isa = XCBuildConfiguration;
			buildSettings = {
				ASSETCATALOG_COMPILER_APPICON_NAME = AppIcon;
				ASSETCATALOG_COMPILER_GLOBAL_ACCENT_COLOR_NAME = AccentColor;
				CLANG_ENABLE_MODULES = YES;
				CODE_SIGN_STYLE = Automatic;
				CURRENT_PROJECT_VERSION = 2024.1;
				DEVELOPMENT_TEAM = 8RUN83V8CA;
				ENABLE_BITCODE = NO;
				INFOPLIST_FILE = IOSMAME/Info.plist;
				INFOPLIST_KEY_LSApplicationCategoryType = "public.app-category.arcade-games";
				LD_RUNPATH_SEARCH_PATHS = (
					"$(inherited)",
					"@executable_path/Frameworks",
				);
				LIBRARY_SEARCH_PATHS = (
					"$(inherited)",
					"$(PROJECT_DIR)/IOSMAME",
					"$(PROJECT_DIR)",
					"$(PROJECT_DIR)/../MAME4iOS",
				);
				MARKETING_VERSION = 2024.1;
				PRODUCT_BUNDLE_IDENTIFIER = com.toddla.iosmame;
				PRODUCT_NAME = "$(TARGET_NAME)";
				SWIFT_OBJC_BRIDGING_HEADER = "IOSMAME/Bridging-Header.h";
				SWIFT_VERSION = 5.0;
				TARGETED_DEVICE_FAMILY = "1,2";
			};
			name = Release;
		};
/* End XCBuildConfiguration section */

/* Begin XCConfigurationList section */
		EF1741F5262134CB00DE8386 /* Build configuration list for PBXProject "IOSMAME" */ = {
			isa = XCConfigurationList;
			buildConfigurations = (
				EF17420C262134CC00DE8386 /* Debug */,
				EF17420D262134CC00DE8386 /* Release */,
			);
			defaultConfigurationIsVisible = 0;
			defaultConfigurationName = Release;
		};
		EF17420E262134CC00DE8386 /* Build configuration list for PBXNativeTarget "iOSMAME" */ = {
			isa = XCConfigurationList;
			buildConfigurations = (
				EF17420F262134CC00DE8386 /* Debug */,
				EF174210262134CC00DE8386 /* Release */,
			);
			defaultConfigurationIsVisible = 0;
			defaultConfigurationName = Release;
		};
/* End XCConfigurationList section */
	};
	rootObject = EF1741F2262134CB00DE8386 /* Project object */;
}
